
Microsoft Visual Studio Solution File, Format Version 12.00
# Visual Studio Version 16
VisualStudioVersion = 16.0.30225.117
MinimumVisualStudioVersion = 10.0.40219.1
Project("{2150E333-8FDC-42A3-9474-1A3956D46DE8}") = "Source", "Source", "{C2CB2F39-3E33-4814-8345-35C0B77DF95E}"
EndProject
Project("{2150E333-8FDC-42A3-9474-1A3956D46DE8}") = "Frameworks", "Frameworks", "{0B639D0F-9C8F-4FAD-8FC0-72AE83F9CF27}"
EndProject
Project("{2150E333-8FDC-42A3-9474-1A3956D46DE8}") = "Microservices", "Microservices", "{CEC074F4-E358-4B9B-8364-4CA026A64A65}"
EndProject
Project("{2150E333-8FDC-42A3-9474-1A3956D46DE8}") = "AppSettings", "AppSettings", "{02116731-EB8F-49CC-A8CF-C8C011B5B220}"
EndProject
Project("{9A19103F-16F7-4668-BE54-9A1E7A4F7556}") = "PLC.AppSetting", "PLC.AppSetting\PLC.AppSetting.csproj", "{7798C49D-C35E-4F12-93E1-F404992579B2}"
EndProject
Project("{2150E333-8FDC-42A3-9474-1A3956D46DE8}") = "Dapper", "Dapper", "{DCF7C5F8-5334-4FE3-AC24-DA21C5AE2255}"
EndProject
Project("{9A19103F-16F7-4668-BE54-9A1E7A4F7556}") = "PLC.Dapper", "PLC.Dapper\PLC.Dapper.csproj", "{AF17DBDE-1CD0-4114-936D-6F2971E040BE}"
EndProject
Project("{2150E333-8FDC-42A3-9474-1A3956D46DE8}") = "Configurations", "Configurations", "{72158167-A1FD-400F-9E9C-5FED335760BC}"
EndProject
Project("{9A19103F-16F7-4668-BE54-9A1E7A4F7556}") = "PLC.Configuration", "PLC.Configuration\PLC.Configuration.csproj", "{9C86CBE5-8BD9-458E-A86B-825A7CD13BF3}"
EndProject
Project("{2150E333-8FDC-42A3-9474-1A3956D46DE8}") = "UtilityModels", "UtilityModels", "{C8837989-4CBE-48EC-8E02-C30D8D296427}"
EndProject
Project("{9A19103F-16F7-4668-BE54-9A1E7A4F7556}") = "PLC.UtilityModel", "PLC.UtilityModel\PLC.UtilityModel.csproj", "{99466D94-F32F-4DE0-8697-CFE01C331B59}"
EndProject
Project("{2150E333-8FDC-42A3-9474-1A3956D46DE8}") = "Base", "Base", "{532B7DD1-4B87-40CF-8BDD-0DE6EEE6D8ED}"
EndProject
Project("{9A19103F-16F7-4668-BE54-9A1E7A4F7556}") = "PLC.ApiCommand", "PLC.Command\PLC.ApiCommand.csproj", "{701BD21E-748E-40E3-88B1-38556CF7DFF2}"
EndProject
Project("{9A19103F-16F7-4668-BE54-9A1E7A4F7556}") = "PLC.CQ", "PLC.CQ\PLC.CQ.csproj", "{C12EEFE6-F5EB-4E30-ACB6-7C1FC4384624}"
EndProject
Project("{9A19103F-16F7-4668-BE54-9A1E7A4F7556}") = "PLC.Repository", "PLC.Repository\PLC.Repository.csproj", "{FC61BAB8-4287-4B01-9291-28358AC90A5E}"
EndProject
Project("{2150E333-8FDC-42A3-9474-1A3956D46DE8}") = "Gateways", "Gateways", "{4A870998-1274-4D77-86D2-94D293B63494}"
EndProject
Project("{2150E333-8FDC-42A3-9474-1A3956D46DE8}") = "MessageBrokers", "MessageBrokers", "{420C3727-EBD6-490B-B518-7ED03CD5022F}"
EndProject
Project("{2150E333-8FDC-42A3-9474-1A3956D46DE8}") = "PLC.Admins", "PLC.Admins", "{888BE822-5A29-4B08-BADC-22551703C334}"
EndProject
Project("{00D1A9C2-B5F0-4AF3-8072-F6C62B433612}") = "PLC.Admin.Database", "PLC.Admin.Database\PLC.Admin.Database.sqlproj", "{AC30F84B-C81E-475A-9F77-F50D073C6AB7}"
EndProject
Project("{2150E333-8FDC-42A3-9474-1A3956D46DE8}") = "Database", "Database", "{B89829DB-E5D9-4345-A9DE-01256791FF16}"
EndProject
Project("{2150E333-8FDC-42A3-9474-1A3956D46DE8}") = "Api", "Api", "{A1D75569-482D-4521-9BFA-7648C5A04AED}"
EndProject
Project("{9A19103F-16F7-4668-BE54-9A1E7A4F7556}") = "PLC.Admin.Cryptography.Api", "PLC.Admin.Cryptography.Api\PLC.Admin.Cryptography.Api.csproj", "{9B156D62-98E4-4EF3-842E-BACACB4261BB}"
EndProject
Project("{2150E333-8FDC-42A3-9474-1A3956D46DE8}") = "UnitTest", "UnitTest", "{021C8DB7-9D20-4C60-B9FC-CAC9207D95AF}"
EndProject
Project("{9A19103F-16F7-4668-BE54-9A1E7A4F7556}") = "PLC.Admin.Cryptography.UnitTest", "PLC.Admin.Cryptography.UnitTest\PLC.Admin.Cryptography.UnitTest.csproj", "{7E81EF92-552A-4644-92F2-B8C3E27D9F7C}"
EndProject
Project("{9A19103F-16F7-4668-BE54-9A1E7A4F7556}") = "PLC.Admin.Cryptography.MessageBroker", "PLC.Admin.Cryptography.MessageBroker\PLC.Admin.Cryptography.MessageBroker.csproj", "{81CE1C7A-3D24-4FAD-875D-E57AE7DB59C9}"
EndProject
Project("{9A19103F-16F7-4668-BE54-9A1E7A4F7556}") = "PLC.MessageBroker", "PLC.MessageBroker\PLC.MessageBroker.csproj", "{795B3379-9707-412F-9440-1BB5B471E91F}"
EndProject
Project("{9A19103F-16F7-4668-BE54-9A1E7A4F7556}") = "PLC.Admin.Api", "PLC.Admin.Api\PLC.Admin.Api.csproj", "{564B95DD-A790-4FFA-A2A5-C93765B7CB10}"
EndProject
Project("{9A19103F-16F7-4668-BE54-9A1E7A4F7556}") = "PLC.EventHandler", "PLC.EventHandler\PLC.EventHandler.csproj", "{55CD597B-ACED-43DE-A5CA-2EE4D9141C3F}"
EndProject
Project("{9A19103F-16F7-4668-BE54-9A1E7A4F7556}") = "PLC.Admin.UnitTest", "PLC.Admin.UnitTest\PLC.Admin.UnitTest.csproj", "{18B1154F-550A-4DE4-8473-EFEB9B3EAF24}"
EndProject
Project("{9A19103F-16F7-4668-BE54-9A1E7A4F7556}") = "PLC.WebGateway", "PLC.WebGateway\PLC.WebGateway.csproj", "{DB820B39-6DFB-443D-9757-9CC6C8601E2F}"
EndProject
Project("{FAE04EC0-301F-11D3-BF4B-00C04F79EFBC}") = "PLC.EventSource", "PLC.EventSource\PLC.EventSource.csproj", "{4E62047B-4AD8-4512-817E-988EC8744AE4}"
EndProject
Project("{2150E333-8FDC-42A3-9474-1A3956D46DE8}") = "EventSourcing", "EventSourcing", "{4B43506F-41E3-4F33-86F9-F124F499A6C9}"
EndProject
Project("{FAE04EC0-301F-11D3-BF4B-00C04F79EFBC}") = "PLC.EventSource.Implementation", "PLC.EventSource.Implementation\PLC.EventSource.Implementation.csproj", "{E16C5F50-58A9-456D-BCE1-CC501A205AEE}"
EndProject
Global
	GlobalSection(SolutionConfigurationPlatforms) = preSolution
		Debug|Any CPU = Debug|Any CPU
		Release|Any CPU = Release|Any CPU
	EndGlobalSection
	GlobalSection(ProjectConfigurationPlatforms) = postSolution
		{7798C49D-C35E-4F12-93E1-F404992579B2}.Debug|Any CPU.ActiveCfg = Debug|Any CPU
		{7798C49D-C35E-4F12-93E1-F404992579B2}.Debug|Any CPU.Build.0 = Debug|Any CPU
		{7798C49D-C35E-4F12-93E1-F404992579B2}.Release|Any CPU.ActiveCfg = Release|Any CPU
		{7798C49D-C35E-4F12-93E1-F404992579B2}.Release|Any CPU.Build.0 = Release|Any CPU
		{AF17DBDE-1CD0-4114-936D-6F2971E040BE}.Debug|Any CPU.ActiveCfg = Debug|Any CPU
		{AF17DBDE-1CD0-4114-936D-6F2971E040BE}.Debug|Any CPU.Build.0 = Debug|Any CPU
		{AF17DBDE-1CD0-4114-936D-6F2971E040BE}.Release|Any CPU.ActiveCfg = Release|Any CPU
		{AF17DBDE-1CD0-4114-936D-6F2971E040BE}.Release|Any CPU.Build.0 = Release|Any CPU
		{9C86CBE5-8BD9-458E-A86B-825A7CD13BF3}.Debug|Any CPU.ActiveCfg = Debug|Any CPU
		{9C86CBE5-8BD9-458E-A86B-825A7CD13BF3}.Debug|Any CPU.Build.0 = Debug|Any CPU
		{9C86CBE5-8BD9-458E-A86B-825A7CD13BF3}.Release|Any CPU.ActiveCfg = Release|Any CPU
		{9C86CBE5-8BD9-458E-A86B-825A7CD13BF3}.Release|Any CPU.Build.0 = Release|Any CPU
		{99466D94-F32F-4DE0-8697-CFE01C331B59}.Debug|Any CPU.ActiveCfg = Debug|Any CPU
		{99466D94-F32F-4DE0-8697-CFE01C331B59}.Debug|Any CPU.Build.0 = Debug|Any CPU
		{99466D94-F32F-4DE0-8697-CFE01C331B59}.Release|Any CPU.ActiveCfg = Release|Any CPU
		{99466D94-F32F-4DE0-8697-CFE01C331B59}.Release|Any CPU.Build.0 = Release|Any CPU
		{701BD21E-748E-40E3-88B1-38556CF7DFF2}.Debug|Any CPU.ActiveCfg = Debug|Any CPU
		{701BD21E-748E-40E3-88B1-38556CF7DFF2}.Debug|Any CPU.Build.0 = Debug|Any CPU
		{701BD21E-748E-40E3-88B1-38556CF7DFF2}.Release|Any CPU.ActiveCfg = Release|Any CPU
		{701BD21E-748E-40E3-88B1-38556CF7DFF2}.Release|Any CPU.Build.0 = Release|Any CPU
		{C12EEFE6-F5EB-4E30-ACB6-7C1FC4384624}.Debug|Any CPU.ActiveCfg = Debug|Any CPU
		{C12EEFE6-F5EB-4E30-ACB6-7C1FC4384624}.Debug|Any CPU.Build.0 = Debug|Any CPU
		{C12EEFE6-F5EB-4E30-ACB6-7C1FC4384624}.Release|Any CPU.ActiveCfg = Release|Any CPU
		{C12EEFE6-F5EB-4E30-ACB6-7C1FC4384624}.Release|Any CPU.Build.0 = Release|Any CPU
		{FC61BAB8-4287-4B01-9291-28358AC90A5E}.Debug|Any CPU.ActiveCfg = Debug|Any CPU
		{FC61BAB8-4287-4B01-9291-28358AC90A5E}.Debug|Any CPU.Build.0 = Debug|Any CPU
		{FC61BAB8-4287-4B01-9291-28358AC90A5E}.Release|Any CPU.ActiveCfg = Release|Any CPU
		{FC61BAB8-4287-4B01-9291-28358AC90A5E}.Release|Any CPU.Build.0 = Release|Any CPU
		{AC30F84B-C81E-475A-9F77-F50D073C6AB7}.Debug|Any CPU.ActiveCfg = Debug|Any CPU
		{AC30F84B-C81E-475A-9F77-F50D073C6AB7}.Debug|Any CPU.Build.0 = Debug|Any CPU
		{AC30F84B-C81E-475A-9F77-F50D073C6AB7}.Debug|Any CPU.Deploy.0 = Debug|Any CPU
		{AC30F84B-C81E-475A-9F77-F50D073C6AB7}.Release|Any CPU.ActiveCfg = Release|Any CPU
		{AC30F84B-C81E-475A-9F77-F50D073C6AB7}.Release|Any CPU.Build.0 = Release|Any CPU
		{AC30F84B-C81E-475A-9F77-F50D073C6AB7}.Release|Any CPU.Deploy.0 = Release|Any CPU
		{9B156D62-98E4-4EF3-842E-BACACB4261BB}.Debug|Any CPU.ActiveCfg = Debug|Any CPU
		{9B156D62-98E4-4EF3-842E-BACACB4261BB}.Debug|Any CPU.Build.0 = Debug|Any CPU
		{9B156D62-98E4-4EF3-842E-BACACB4261BB}.Release|Any CPU.ActiveCfg = Release|Any CPU
		{9B156D62-98E4-4EF3-842E-BACACB4261BB}.Release|Any CPU.Build.0 = Release|Any CPU
		{7E81EF92-552A-4644-92F2-B8C3E27D9F7C}.Debug|Any CPU.ActiveCfg = Debug|Any CPU
		{7E81EF92-552A-4644-92F2-B8C3E27D9F7C}.Debug|Any CPU.Build.0 = Debug|Any CPU
		{7E81EF92-552A-4644-92F2-B8C3E27D9F7C}.Release|Any CPU.ActiveCfg = Release|Any CPU
		{7E81EF92-552A-4644-92F2-B8C3E27D9F7C}.Release|Any CPU.Build.0 = Release|Any CPU
		{81CE1C7A-3D24-4FAD-875D-E57AE7DB59C9}.Debug|Any CPU.ActiveCfg = Debug|Any CPU
		{81CE1C7A-3D24-4FAD-875D-E57AE7DB59C9}.Debug|Any CPU.Build.0 = Debug|Any CPU
		{81CE1C7A-3D24-4FAD-875D-E57AE7DB59C9}.Release|Any CPU.ActiveCfg = Release|Any CPU
		{81CE1C7A-3D24-4FAD-875D-E57AE7DB59C9}.Release|Any CPU.Build.0 = Release|Any CPU
		{795B3379-9707-412F-9440-1BB5B471E91F}.Debug|Any CPU.ActiveCfg = Debug|Any CPU
		{795B3379-9707-412F-9440-1BB5B471E91F}.Debug|Any CPU.Build.0 = Debug|Any CPU
		{795B3379-9707-412F-9440-1BB5B471E91F}.Release|Any CPU.ActiveCfg = Release|Any CPU
		{795B3379-9707-412F-9440-1BB5B471E91F}.Release|Any CPU.Build.0 = Release|Any CPU
		{564B95DD-A790-4FFA-A2A5-C93765B7CB10}.Debug|Any CPU.ActiveCfg = Debug|Any CPU
		{564B95DD-A790-4FFA-A2A5-C93765B7CB10}.Debug|Any CPU.Build.0 = Debug|Any CPU
		{564B95DD-A790-4FFA-A2A5-C93765B7CB10}.Release|Any CPU.ActiveCfg = Release|Any CPU
		{564B95DD-A790-4FFA-A2A5-C93765B7CB10}.Release|Any CPU.Build.0 = Release|Any CPU
		{55CD597B-ACED-43DE-A5CA-2EE4D9141C3F}.Debug|Any CPU.ActiveCfg = Debug|Any CPU
		{55CD597B-ACED-43DE-A5CA-2EE4D9141C3F}.Debug|Any CPU.Build.0 = Debug|Any CPU
		{55CD597B-ACED-43DE-A5CA-2EE4D9141C3F}.Release|Any CPU.ActiveCfg = Release|Any CPU
		{55CD597B-ACED-43DE-A5CA-2EE4D9141C3F}.Release|Any CPU.Build.0 = Release|Any CPU
		{18B1154F-550A-4DE4-8473-EFEB9B3EAF24}.Debug|Any CPU.ActiveCfg = Debug|Any CPU
		{18B1154F-550A-4DE4-8473-EFEB9B3EAF24}.Debug|Any CPU.Build.0 = Debug|Any CPU
		{18B1154F-550A-4DE4-8473-EFEB9B3EAF24}.Release|Any CPU.ActiveCfg = Release|Any CPU
		{18B1154F-550A-4DE4-8473-EFEB9B3EAF24}.Release|Any CPU.Build.0 = Release|Any CPU
		{DB820B39-6DFB-443D-9757-9CC6C8601E2F}.Debug|Any CPU.ActiveCfg = Debug|Any CPU
		{DB820B39-6DFB-443D-9757-9CC6C8601E2F}.Debug|Any CPU.Build.0 = Debug|Any CPU
		{DB820B39-6DFB-443D-9757-9CC6C8601E2F}.Release|Any CPU.ActiveCfg = Release|Any CPU
		{DB820B39-6DFB-443D-9757-9CC6C8601E2F}.Release|Any CPU.Build.0 = Release|Any CPU
		{4E62047B-4AD8-4512-817E-988EC8744AE4}.Debug|Any CPU.ActiveCfg = Debug|Any CPU
		{4E62047B-4AD8-4512-817E-988EC8744AE4}.Debug|Any CPU.Build.0 = Debug|Any CPU
		{4E62047B-4AD8-4512-817E-988EC8744AE4}.Release|Any CPU.ActiveCfg = Release|Any CPU
		{4E62047B-4AD8-4512-817E-988EC8744AE4}.Release|Any CPU.Build.0 = Release|Any CPU
		{E16C5F50-58A9-456D-BCE1-CC501A205AEE}.Debug|Any CPU.ActiveCfg = Debug|Any CPU
		{E16C5F50-58A9-456D-BCE1-CC501A205AEE}.Debug|Any CPU.Build.0 = Debug|Any CPU
		{E16C5F50-58A9-456D-BCE1-CC501A205AEE}.Release|Any CPU.ActiveCfg = Release|Any CPU
		{E16C5F50-58A9-456D-BCE1-CC501A205AEE}.Release|Any CPU.Build.0 = Release|Any CPU
	EndGlobalSection
	GlobalSection(SolutionProperties) = preSolution
		HideSolutionNode = FALSE
	EndGlobalSection
	GlobalSection(NestedProjects) = preSolution
		{0B639D0F-9C8F-4FAD-8FC0-72AE83F9CF27} = {C2CB2F39-3E33-4814-8345-35C0B77DF95E}
		{CEC074F4-E358-4B9B-8364-4CA026A64A65} = {C2CB2F39-3E33-4814-8345-35C0B77DF95E}
		{02116731-EB8F-49CC-A8CF-C8C011B5B220} = {0B639D0F-9C8F-4FAD-8FC0-72AE83F9CF27}
		{7798C49D-C35E-4F12-93E1-F404992579B2} = {02116731-EB8F-49CC-A8CF-C8C011B5B220}
		{DCF7C5F8-5334-4FE3-AC24-DA21C5AE2255} = {0B639D0F-9C8F-4FAD-8FC0-72AE83F9CF27}
		{AF17DBDE-1CD0-4114-936D-6F2971E040BE} = {DCF7C5F8-5334-4FE3-AC24-DA21C5AE2255}
		{72158167-A1FD-400F-9E9C-5FED335760BC} = {0B639D0F-9C8F-4FAD-8FC0-72AE83F9CF27}
		{9C86CBE5-8BD9-458E-A86B-825A7CD13BF3} = {72158167-A1FD-400F-9E9C-5FED335760BC}
		{C8837989-4CBE-48EC-8E02-C30D8D296427} = {0B639D0F-9C8F-4FAD-8FC0-72AE83F9CF27}
		{99466D94-F32F-4DE0-8697-CFE01C331B59} = {C8837989-4CBE-48EC-8E02-C30D8D296427}
		{532B7DD1-4B87-40CF-8BDD-0DE6EEE6D8ED} = {0B639D0F-9C8F-4FAD-8FC0-72AE83F9CF27}
		{701BD21E-748E-40E3-88B1-38556CF7DFF2} = {532B7DD1-4B87-40CF-8BDD-0DE6EEE6D8ED}
		{C12EEFE6-F5EB-4E30-ACB6-7C1FC4384624} = {532B7DD1-4B87-40CF-8BDD-0DE6EEE6D8ED}
		{FC61BAB8-4287-4B01-9291-28358AC90A5E} = {532B7DD1-4B87-40CF-8BDD-0DE6EEE6D8ED}
		{4A870998-1274-4D77-86D2-94D293B63494} = {C2CB2F39-3E33-4814-8345-35C0B77DF95E}
		{420C3727-EBD6-490B-B518-7ED03CD5022F} = {C2CB2F39-3E33-4814-8345-35C0B77DF95E}
		{888BE822-5A29-4B08-BADC-22551703C334} = {CEC074F4-E358-4B9B-8364-4CA026A64A65}
		{AC30F84B-C81E-475A-9F77-F50D073C6AB7} = {B89829DB-E5D9-4345-A9DE-01256791FF16}
		{B89829DB-E5D9-4345-A9DE-01256791FF16} = {888BE822-5A29-4B08-BADC-22551703C334}
		{A1D75569-482D-4521-9BFA-7648C5A04AED} = {888BE822-5A29-4B08-BADC-22551703C334}
		{9B156D62-98E4-4EF3-842E-BACACB4261BB} = {A1D75569-482D-4521-9BFA-7648C5A04AED}
		{021C8DB7-9D20-4C60-B9FC-CAC9207D95AF} = {888BE822-5A29-4B08-BADC-22551703C334}
		{7E81EF92-552A-4644-92F2-B8C3E27D9F7C} = {021C8DB7-9D20-4C60-B9FC-CAC9207D95AF}
		{81CE1C7A-3D24-4FAD-875D-E57AE7DB59C9} = {420C3727-EBD6-490B-B518-7ED03CD5022F}
		{795B3379-9707-412F-9440-1BB5B471E91F} = {532B7DD1-4B87-40CF-8BDD-0DE6EEE6D8ED}
		{564B95DD-A790-4FFA-A2A5-C93765B7CB10} = {A1D75569-482D-4521-9BFA-7648C5A04AED}
		{55CD597B-ACED-43DE-A5CA-2EE4D9141C3F} = {532B7DD1-4B87-40CF-8BDD-0DE6EEE6D8ED}
		{18B1154F-550A-4DE4-8473-EFEB9B3EAF24} = {021C8DB7-9D20-4C60-B9FC-CAC9207D95AF}
		{DB820B39-6DFB-443D-9757-9CC6C8601E2F} = {4A870998-1274-4D77-86D2-94D293B63494}
		{4E62047B-4AD8-4512-817E-988EC8744AE4} = {532B7DD1-4B87-40CF-8BDD-0DE6EEE6D8ED}
		{4B43506F-41E3-4F33-86F9-F124F499A6C9} = {0B639D0F-9C8F-4FAD-8FC0-72AE83F9CF27}
		{E16C5F50-58A9-456D-BCE1-CC501A205AEE} = {4B43506F-41E3-4F33-86F9-F124F499A6C9}
	EndGlobalSection
	GlobalSection(ExtensibilityGlobals) = postSolution
		SolutionGuid = {2766FBF0-EE11-4DE6-A07F-D592F29360AF}
	EndGlobalSection
EndGlobal
