
Microsoft Visual Studio Solution File, Format Version 12.00
# Visual Studio Version 16
VisualStudioVersion = 16.0.29911.84
MinimumVisualStudioVersion = 10.0.40219.1
Project("{2150E333-8FDC-42A3-9474-1A3956D46DE8}") = "Source", "Source", "{BD2533C6-92D4-4BCD-91CA-35C151D54489}"
EndProject
Project("{2150E333-8FDC-42A3-9474-1A3956D46DE8}") = "Models", "Models", "{EE3FA7C1-2B8C-47BB-90D4-6176583342FF}"
EndProject
Project("{2150E333-8FDC-42A3-9474-1A3956D46DE8}") = "PLC.Entity", "PLC.Entity", "{25169223-E0EC-4755-B73B-F6CD2AFB297F}"
EndProject
Project("{9A19103F-16F7-4668-BE54-9A1E7A4F7556}") = "PLC.Models", "PLC.Models\PLC.Models.csproj", "{D70710DE-FCA4-4767-9F0B-D5920DE5BA71}"
EndProject
Project("{2150E333-8FDC-42A3-9474-1A3956D46DE8}") = "Microservices", "Microservices", "{01BF85A0-0008-4DC2-8A6B-D6224EF6C1B5}"
EndProject
Project("{2150E333-8FDC-42A3-9474-1A3956D46DE8}") = "PLC.Users", "PLC.Users", "{E8918450-7128-476A-96D7-5789D348A734}"
EndProject
Project("{2150E333-8FDC-42A3-9474-1A3956D46DE8}") = "Api", "Api", "{E2A35FA6-7661-4E8F-AE9A-AE809BC128C7}"
EndProject
Project("{2150E333-8FDC-42A3-9474-1A3956D46DE8}") = "Database", "Database", "{A25AF1F3-2286-46D6-96BB-EBA3CC4B657D}"
EndProject
Project("{2150E333-8FDC-42A3-9474-1A3956D46DE8}") = "UnitTest", "UnitTest", "{F70235B0-EA88-468D-98EA-50A0A63B29B3}"
EndProject
Project("{9A19103F-16F7-4668-BE54-9A1E7A4F7556}") = "PLC.Users.Api", "PLC.Users.Api\PLC.Users.Api.csproj", "{D2A66DA9-35EE-4A0B-B1D1-13AC4682073D}"
EndProject
Project("{2150E333-8FDC-42A3-9474-1A3956D46DE8}") = "Frameworks", "Frameworks", "{5816DB65-8FB9-44C9-974C-0D592B9F5FD0}"
EndProject
Project("{00D1A9C2-B5F0-4AF3-8072-F6C62B433612}") = "PLC.Users.Database", "PLC.Users.Database\PLC.Users.Database.sqlproj", "{502056D5-C618-4239-9833-58B6D810F8FB}"
EndProject
Project("{9A19103F-16F7-4668-BE54-9A1E7A4F7556}") = "PLC.Users.UnitTest", "PLC.Users.UnitTest\PLC.Users.UnitTest.csproj", "{1712CC53-F3BC-4411-8848-9E53FBAC7C48}"
EndProject
Project("{2150E333-8FDC-42A3-9474-1A3956D46DE8}") = "AspDotNetCore", "AspDotNetCore", "{E3EAA3AF-1755-4B6B-88A1-95664872E5D3}"
EndProject
Project("{9A19103F-16F7-4668-BE54-9A1E7A4F7556}") = "PLC.AspDotNetCore", "PLC.AspDotNetCore\PLC.AspDotNetCore.csproj", "{7465C927-A83E-453D-9E44-701AC236640D}"
EndProject
Project("{2150E333-8FDC-42A3-9474-1A3956D46DE8}") = "Dapper", "Dapper", "{41F62EDC-7DB0-4402-A923-AE580D30CD15}"
EndProject
Project("{9A19103F-16F7-4668-BE54-9A1E7A4F7556}") = "PLC.Dapper", "PLC.Dapper\PLC.Dapper.csproj", "{F10A0CC4-F286-433F-90C4-0C9FED2FE465}"
EndProject
Project("{2150E333-8FDC-42A3-9474-1A3956D46DE8}") = "AppSettings", "AppSettings", "{2F398A00-A68D-405F-9501-369D51A3FE17}"
EndProject
Project("{9A19103F-16F7-4668-BE54-9A1E7A4F7556}") = "PLC.AppSetting", "PLC.AppSetting\PLC.AppSetting.csproj", "{EB1D8375-5D59-48CE-A8D0-8D35CDD18B8E}"
EndProject
Project("{2150E333-8FDC-42A3-9474-1A3956D46DE8}") = "Service", "Service", "{67D24E75-DD3D-49E4-9114-D8F52239DF1D}"
EndProject
Project("{FAE04EC0-301F-11D3-BF4B-00C04F79EFBC}") = "PLC.Users.Service", "PLC.Users.Service\PLC.Users.Service.csproj", "{7A459E3D-1887-4C64-9053-8D203273AC42}"
EndProject
Global
	GlobalSection(SolutionConfigurationPlatforms) = preSolution
		Debug|Any CPU = Debug|Any CPU
		Release|Any CPU = Release|Any CPU
	EndGlobalSection
	GlobalSection(ProjectConfigurationPlatforms) = postSolution
		{D70710DE-FCA4-4767-9F0B-D5920DE5BA71}.Debug|Any CPU.ActiveCfg = Debug|Any CPU
		{D70710DE-FCA4-4767-9F0B-D5920DE5BA71}.Debug|Any CPU.Build.0 = Debug|Any CPU
		{D70710DE-FCA4-4767-9F0B-D5920DE5BA71}.Release|Any CPU.ActiveCfg = Release|Any CPU
		{D70710DE-FCA4-4767-9F0B-D5920DE5BA71}.Release|Any CPU.Build.0 = Release|Any CPU
		{D2A66DA9-35EE-4A0B-B1D1-13AC4682073D}.Debug|Any CPU.ActiveCfg = Debug|Any CPU
		{D2A66DA9-35EE-4A0B-B1D1-13AC4682073D}.Debug|Any CPU.Build.0 = Debug|Any CPU
		{D2A66DA9-35EE-4A0B-B1D1-13AC4682073D}.Release|Any CPU.ActiveCfg = Release|Any CPU
		{D2A66DA9-35EE-4A0B-B1D1-13AC4682073D}.Release|Any CPU.Build.0 = Release|Any CPU
		{502056D5-C618-4239-9833-58B6D810F8FB}.Debug|Any CPU.ActiveCfg = Debug|Any CPU
		{502056D5-C618-4239-9833-58B6D810F8FB}.Debug|Any CPU.Build.0 = Debug|Any CPU
		{502056D5-C618-4239-9833-58B6D810F8FB}.Debug|Any CPU.Deploy.0 = Debug|Any CPU
		{502056D5-C618-4239-9833-58B6D810F8FB}.Release|Any CPU.ActiveCfg = Release|Any CPU
		{502056D5-C618-4239-9833-58B6D810F8FB}.Release|Any CPU.Build.0 = Release|Any CPU
		{502056D5-C618-4239-9833-58B6D810F8FB}.Release|Any CPU.Deploy.0 = Release|Any CPU
		{1712CC53-F3BC-4411-8848-9E53FBAC7C48}.Debug|Any CPU.ActiveCfg = Debug|Any CPU
		{1712CC53-F3BC-4411-8848-9E53FBAC7C48}.Debug|Any CPU.Build.0 = Debug|Any CPU
		{1712CC53-F3BC-4411-8848-9E53FBAC7C48}.Release|Any CPU.ActiveCfg = Release|Any CPU
		{1712CC53-F3BC-4411-8848-9E53FBAC7C48}.Release|Any CPU.Build.0 = Release|Any CPU
		{7465C927-A83E-453D-9E44-701AC236640D}.Debug|Any CPU.ActiveCfg = Debug|Any CPU
		{7465C927-A83E-453D-9E44-701AC236640D}.Debug|Any CPU.Build.0 = Debug|Any CPU
		{7465C927-A83E-453D-9E44-701AC236640D}.Release|Any CPU.ActiveCfg = Release|Any CPU
		{7465C927-A83E-453D-9E44-701AC236640D}.Release|Any CPU.Build.0 = Release|Any CPU
		{F10A0CC4-F286-433F-90C4-0C9FED2FE465}.Debug|Any CPU.ActiveCfg = Debug|Any CPU
		{F10A0CC4-F286-433F-90C4-0C9FED2FE465}.Debug|Any CPU.Build.0 = Debug|Any CPU
		{F10A0CC4-F286-433F-90C4-0C9FED2FE465}.Release|Any CPU.ActiveCfg = Release|Any CPU
		{F10A0CC4-F286-433F-90C4-0C9FED2FE465}.Release|Any CPU.Build.0 = Release|Any CPU
		{EB1D8375-5D59-48CE-A8D0-8D35CDD18B8E}.Debug|Any CPU.ActiveCfg = Debug|Any CPU
		{EB1D8375-5D59-48CE-A8D0-8D35CDD18B8E}.Debug|Any CPU.Build.0 = Debug|Any CPU
		{EB1D8375-5D59-48CE-A8D0-8D35CDD18B8E}.Release|Any CPU.ActiveCfg = Release|Any CPU
		{EB1D8375-5D59-48CE-A8D0-8D35CDD18B8E}.Release|Any CPU.Build.0 = Release|Any CPU
		{7A459E3D-1887-4C64-9053-8D203273AC42}.Debug|Any CPU.ActiveCfg = Debug|Any CPU
		{7A459E3D-1887-4C64-9053-8D203273AC42}.Debug|Any CPU.Build.0 = Debug|Any CPU
		{7A459E3D-1887-4C64-9053-8D203273AC42}.Release|Any CPU.ActiveCfg = Release|Any CPU
		{7A459E3D-1887-4C64-9053-8D203273AC42}.Release|Any CPU.Build.0 = Release|Any CPU
	EndGlobalSection
	GlobalSection(SolutionProperties) = preSolution
		HideSolutionNode = FALSE
	EndGlobalSection
	GlobalSection(NestedProjects) = preSolution
		{EE3FA7C1-2B8C-47BB-90D4-6176583342FF} = {BD2533C6-92D4-4BCD-91CA-35C151D54489}
		{25169223-E0EC-4755-B73B-F6CD2AFB297F} = {EE3FA7C1-2B8C-47BB-90D4-6176583342FF}
		{D70710DE-FCA4-4767-9F0B-D5920DE5BA71} = {25169223-E0EC-4755-B73B-F6CD2AFB297F}
		{01BF85A0-0008-4DC2-8A6B-D6224EF6C1B5} = {BD2533C6-92D4-4BCD-91CA-35C151D54489}
		{E8918450-7128-476A-96D7-5789D348A734} = {01BF85A0-0008-4DC2-8A6B-D6224EF6C1B5}
		{E2A35FA6-7661-4E8F-AE9A-AE809BC128C7} = {E8918450-7128-476A-96D7-5789D348A734}
		{A25AF1F3-2286-46D6-96BB-EBA3CC4B657D} = {E8918450-7128-476A-96D7-5789D348A734}
		{F70235B0-EA88-468D-98EA-50A0A63B29B3} = {E8918450-7128-476A-96D7-5789D348A734}
		{D2A66DA9-35EE-4A0B-B1D1-13AC4682073D} = {E2A35FA6-7661-4E8F-AE9A-AE809BC128C7}
		{5816DB65-8FB9-44C9-974C-0D592B9F5FD0} = {BD2533C6-92D4-4BCD-91CA-35C151D54489}
		{502056D5-C618-4239-9833-58B6D810F8FB} = {A25AF1F3-2286-46D6-96BB-EBA3CC4B657D}
		{1712CC53-F3BC-4411-8848-9E53FBAC7C48} = {F70235B0-EA88-468D-98EA-50A0A63B29B3}
		{E3EAA3AF-1755-4B6B-88A1-95664872E5D3} = {5816DB65-8FB9-44C9-974C-0D592B9F5FD0}
		{7465C927-A83E-453D-9E44-701AC236640D} = {E3EAA3AF-1755-4B6B-88A1-95664872E5D3}
		{41F62EDC-7DB0-4402-A923-AE580D30CD15} = {5816DB65-8FB9-44C9-974C-0D592B9F5FD0}
		{F10A0CC4-F286-433F-90C4-0C9FED2FE465} = {41F62EDC-7DB0-4402-A923-AE580D30CD15}
		{2F398A00-A68D-405F-9501-369D51A3FE17} = {5816DB65-8FB9-44C9-974C-0D592B9F5FD0}
		{EB1D8375-5D59-48CE-A8D0-8D35CDD18B8E} = {2F398A00-A68D-405F-9501-369D51A3FE17}
		{67D24E75-DD3D-49E4-9114-D8F52239DF1D} = {E8918450-7128-476A-96D7-5789D348A734}
		{7A459E3D-1887-4C64-9053-8D203273AC42} = {67D24E75-DD3D-49E4-9114-D8F52239DF1D}
	EndGlobalSection
	GlobalSection(ExtensibilityGlobals) = postSolution
		SolutionGuid = {19116F1A-5FEA-4491-A48F-A1B9E394610C}
	EndGlobalSection
EndGlobal
